// !$*UTF8*$!
{
	archiveVersion = 1;
	classes = {
	};
	objectVersion = 55;
	objects = {

/* Begin PBXBuildFile section */
		090F42B628528DA20098C7FD /* BlurButton.swift in Sources */ = {isa = PBXBuildFile; fileRef = 090F42B528528DA20098C7FD /* BlurButton.swift */; };
		090F42B92853BF050098C7FD /* NoteColors.swift in Sources */ = {isa = PBXBuildFile; fileRef = 090F42B82853BF050098C7FD /* NoteColors.swift */; };
		0934CE2C284FD890003AC617 /* NoteDataObject.swift in Sources */ = {isa = PBXBuildFile; fileRef = 0934CE2B284FD890003AC617 /* NoteDataObject.swift */; };
		0934CE2E284FDD1D003AC617 /* Database.swift in Sources */ = {isa = PBXBuildFile; fileRef = 0934CE2D284FDD1D003AC617 /* Database.swift */; };
		096F7A75284CD6E9004C9983 /* AppDelegate.swift in Sources */ = {isa = PBXBuildFile; fileRef = 096F7A74284CD6E9004C9983 /* AppDelegate.swift */; };
		096F7A77284CD6E9004C9983 /* SceneDelegate.swift in Sources */ = {isa = PBXBuildFile; fileRef = 096F7A76284CD6E9004C9983 /* SceneDelegate.swift */; };
		096F7A79284CD6E9004C9983 /* ViewController.swift in Sources */ = {isa = PBXBuildFile; fileRef = 096F7A78284CD6E9004C9983 /* ViewController.swift */; };
		096F7A7C284CD6E9004C9983 /* Main.storyboard in Resources */ = {isa = PBXBuildFile; fileRef = 096F7A7A284CD6E9004C9983 /* Main.storyboard */; };
		096F7A7E284CD6EA004C9983 /* Assets.xcassets in Resources */ = {isa = PBXBuildFile; fileRef = 096F7A7D284CD6EA004C9983 /* Assets.xcassets */; };
		096F7A81284CD6EA004C9983 /* LaunchScreen.storyboard in Resources */ = {isa = PBXBuildFile; fileRef = 096F7A7F284CD6EA004C9983 /* LaunchScreen.storyboard */; };
		096F7A8C284CD9AC004C9983 /* NoteCell.swift in Sources */ = {isa = PBXBuildFile; fileRef = 096F7A8B284CD9AC004C9983 /* NoteCell.swift */; };
		096F7A8F284D0886004C9983 /* NoteDataModel.swift in Sources */ = {isa = PBXBuildFile; fileRef = 096F7A8E284D0886004C9983 /* NoteDataModel.swift */; };
		096F7A91284D5810004C9983 /* NoteEditViewController.swift in Sources */ = {isa = PBXBuildFile; fileRef = 096F7A90284D5810004C9983 /* NoteEditViewController.swift */; };
		DFF670E68D79EE65D741EA6A /* Pods_Notes.framework in Frameworks */ = {isa = PBXBuildFile; fileRef = 0353126D0C1D757F865834C7 /* Pods_Notes.framework */; };
/* End PBXBuildFile section */

/* Begin PBXFileReference section */
		0353126D0C1D757F865834C7 /* Pods_Notes.framework */ = {isa = PBXFileReference; explicitFileType = wrapper.framework; includeInIndex = 0; path = Pods_Notes.framework; sourceTree = BUILT_PRODUCTS_DIR; };
		090F42B528528DA20098C7FD /* BlurButton.swift */ = {isa = PBXFileReference; fileEncoding = 4; lastKnownFileType = sourcecode.swift; path = BlurButton.swift; sourceTree = "<group>"; };
		090F42B82853BF050098C7FD /* NoteColors.swift */ = {isa = PBXFileReference; lastKnownFileType = sourcecode.swift; path = NoteColors.swift; sourceTree = "<group>"; };
		0934CE2B284FD890003AC617 /* NoteDataObject.swift */ = {isa = PBXFileReference; lastKnownFileType = sourcecode.swift; path = NoteDataObject.swift; sourceTree = "<group>"; };
		0934CE2D284FDD1D003AC617 /* Database.swift */ = {isa = PBXFileReference; lastKnownFileType = sourcecode.swift; path = Database.swift; sourceTree = "<group>"; };
		096F7A71284CD6E9004C9983 /* Notes.app */ = {isa = PBXFileReference; explicitFileType = wrapper.application; includeInIndex = 0; path = Notes.app; sourceTree = BUILT_PRODUCTS_DIR; };
		096F7A74284CD6E9004C9983 /* AppDelegate.swift */ = {isa = PBXFileReference; lastKnownFileType = sourcecode.swift; path = AppDelegate.swift; sourceTree = "<group>"; };
		096F7A76284CD6E9004C9983 /* SceneDelegate.swift */ = {isa = PBXFileReference; lastKnownFileType = sourcecode.swift; path = SceneDelegate.swift; sourceTree = "<group>"; };
		096F7A78284CD6E9004C9983 /* ViewController.swift */ = {isa = PBXFileReference; lastKnownFileType = sourcecode.swift; path = ViewController.swift; sourceTree = "<group>"; };
		096F7A7B284CD6E9004C9983 /* Base */ = {isa = PBXFileReference; lastKnownFileType = file.storyboard; name = Base; path = Base.lproj/Main.storyboard; sourceTree = "<group>"; };
		096F7A7D284CD6EA004C9983 /* Assets.xcassets */ = {isa = PBXFileReference; lastKnownFileType = folder.assetcatalog; path = Assets.xcassets; sourceTree = "<group>"; };
		096F7A80284CD6EA004C9983 /* Base */ = {isa = PBXFileReference; lastKnownFileType = file.storyboard; name = Base; path = Base.lproj/LaunchScreen.storyboard; sourceTree = "<group>"; };
		096F7A82284CD6EA004C9983 /* Info.plist */ = {isa = PBXFileReference; lastKnownFileType = text.plist.xml; path = Info.plist; sourceTree = "<group>"; };
		096F7A8B284CD9AC004C9983 /* NoteCell.swift */ = {isa = PBXFileReference; lastKnownFileType = sourcecode.swift; path = NoteCell.swift; sourceTree = "<group>"; };
		096F7A8E284D0886004C9983 /* NoteDataModel.swift */ = {isa = PBXFileReference; lastKnownFileType = sourcecode.swift; path = NoteDataModel.swift; sourceTree = "<group>"; };
		096F7A90284D5810004C9983 /* NoteEditViewController.swift */ = {isa = PBXFileReference; lastKnownFileType = sourcecode.swift; path = NoteEditViewController.swift; sourceTree = "<group>"; };
		227079B97D73C8CF7250A79B /* Pods-Notes.release.xcconfig */ = {isa = PBXFileReference; includeInIndex = 1; lastKnownFileType = text.xcconfig; name = "Pods-Notes.release.xcconfig"; path = "Target Support Files/Pods-Notes/Pods-Notes.release.xcconfig"; sourceTree = "<group>"; };
		3EF4187404B262E72A1E1166 /* Pods-Notes.debug.xcconfig */ = {isa = PBXFileReference; includeInIndex = 1; lastKnownFileType = text.xcconfig; name = "Pods-Notes.debug.xcconfig"; path = "Target Support Files/Pods-Notes/Pods-Notes.debug.xcconfig"; sourceTree = "<group>"; };
/* End PBXFileReference section */

/* Begin PBXFrameworksBuildPhase section */
		096F7A6E284CD6E9004C9983 /* Frameworks */ = {
			isa = PBXFrameworksBuildPhase;
			buildActionMask = 2147483647;
			files = (
				DFF670E68D79EE65D741EA6A /* Pods_Notes.framework in Frameworks */,
			);
			runOnlyForDeploymentPostprocessing = 0;
		};
/* End PBXFrameworksBuildPhase section */

/* Begin PBXGroup section */
		0934CE2A284FD86A003AC617 /* Database */ = {
			isa = PBXGroup;
			children = (
				0934CE2B284FD890003AC617 /* NoteDataObject.swift */,
				0934CE2D284FDD1D003AC617 /* Database.swift */,
			);
			path = Database;
			sourceTree = "<group>";
		};
		096F7A68284CD6E9004C9983 = {
			isa = PBXGroup;
			children = (
				096F7A73284CD6E9004C9983 /* Notes */,
				096F7A72284CD6E9004C9983 /* Products */,
				D23A01DAEADE3A9A1B927640 /* Pods */,
				3AF924B0E01AB0161DF3E3A4 /* Frameworks */,
			);
			sourceTree = "<group>";
		};
		096F7A72284CD6E9004C9983 /* Products */ = {
			isa = PBXGroup;
			children = (
				096F7A71284CD6E9004C9983 /* Notes.app */,
			);
			name = Products;
			sourceTree = "<group>";
		};
		096F7A73284CD6E9004C9983 /* Notes */ = {
			isa = PBXGroup;
			children = (
				0934CE2A284FD86A003AC617 /* Database */,
				096F7A8D284D082E004C9983 /* Model */,
				096F7A88284CD703004C9983 /* View */,
				096F7A74284CD6E9004C9983 /* AppDelegate.swift */,
				096F7A76284CD6E9004C9983 /* SceneDelegate.swift */,
				096F7A78284CD6E9004C9983 /* ViewController.swift */,
				090F42B82853BF050098C7FD /* NoteColors.swift */,
				096F7A7A284CD6E9004C9983 /* Main.storyboard */,
				096F7A7D284CD6EA004C9983 /* Assets.xcassets */,
				096F7A7F284CD6EA004C9983 /* LaunchScreen.storyboard */,
				096F7A82284CD6EA004C9983 /* Info.plist */,
			);
			path = Notes;
			sourceTree = "<group>";
		};
		096F7A88284CD703004C9983 /* View */ = {
			isa = PBXGroup;
			children = (
				090F42B528528DA20098C7FD /* BlurButton.swift */,
				096F7A8B284CD9AC004C9983 /* NoteCell.swift */,
				096F7A90284D5810004C9983 /* NoteEditViewController.swift */,
			);
			path = View;
			sourceTree = "<group>";
		};
		096F7A8D284D082E004C9983 /* Model */ = {
			isa = PBXGroup;
			children = (
				096F7A8E284D0886004C9983 /* NoteDataModel.swift */,
			);
			path = Model;
			sourceTree = "<group>";
		};
		3AF924B0E01AB0161DF3E3A4 /* Frameworks */ = {
			isa = PBXGroup;
			children = (
				0353126D0C1D757F865834C7 /* Pods_Notes.framework */,
			);
			name = Frameworks;
			sourceTree = "<group>";
		};
		D23A01DAEADE3A9A1B927640 /* Pods */ = {
			isa = PBXGroup;
			children = (
				3EF4187404B262E72A1E1166 /* Pods-Notes.debug.xcconfig */,
				227079B97D73C8CF7250A79B /* Pods-Notes.release.xcconfig */,
			);
			path = Pods;
			sourceTree = "<group>";
		};
/* End PBXGroup section */

/* Begin PBXNativeTarget section */
		096F7A70284CD6E9004C9983 /* Notes */ = {
			isa = PBXNativeTarget;
			buildConfigurationList = 096F7A85284CD6EA004C9983 /* Build configuration list for PBXNativeTarget "Notes" */;
			buildPhases = (
				51AF1081F109178B182427BF /* [CP] Check Pods Manifest.lock */,
				096F7A6D284CD6E9004C9983 /* Sources */,
				096F7A6E284CD6E9004C9983 /* Frameworks */,
				096F7A6F284CD6E9004C9983 /* Resources */,
				449AC5CED3C013E624D4EC31 /* [CP] Embed Pods Frameworks */,
			);
			buildRules = (
			);
			dependencies = (
			);
			name = Notes;
			productName = Notes;
			productReference = 096F7A71284CD6E9004C9983 /* Notes.app */;
			productType = "com.apple.product-type.application";
		};
/* End PBXNativeTarget section */

/* Begin PBXProject section */
		096F7A69284CD6E9004C9983 /* Project object */ = {
			isa = PBXProject;
			attributes = {
				BuildIndependentTargetsInParallel = 1;
				LastSwiftUpdateCheck = 1330;
				LastUpgradeCheck = 1330;
				TargetAttributes = {
					096F7A70284CD6E9004C9983 = {
						CreatedOnToolsVersion = 13.3;
					};
				};
			};
			buildConfigurationList = 096F7A6C284CD6E9004C9983 /* Build configuration list for PBXProject "Notes" */;
			compatibilityVersion = "Xcode 13.0";
			developmentRegion = en;
			hasScannedForEncodings = 0;
			knownRegions = (
				en,
				Base,
			);
			mainGroup = 096F7A68284CD6E9004C9983;
			productRefGroup = 096F7A72284CD6E9004C9983 /* Products */;
			projectDirPath = "";
			projectRoot = "";
			targets = (
				096F7A70284CD6E9004C9983 /* Notes */,
			);
		};
/* End PBXProject section */

/* Begin PBXResourcesBuildPhase section */
		096F7A6F284CD6E9004C9983 /* Resources */ = {
			isa = PBXResourcesBuildPhase;
			buildActionMask = 2147483647;
			files = (
				096F7A81284CD6EA004C9983 /* LaunchScreen.storyboard in Resources */,
				096F7A7E284CD6EA004C9983 /* Assets.xcassets in Resources */,
				096F7A7C284CD6E9004C9983 /* Main.storyboard in Resources */,
			);
			runOnlyForDeploymentPostprocessing = 0;
		};
/* End PBXResourcesBuildPhase section */

/* Begin PBXShellScriptBuildPhase section */
		449AC5CED3C013E624D4EC31 /* [CP] Embed Pods Frameworks */ = {
			isa = PBXShellScriptBuildPhase;
			buildActionMask = 2147483647;
			files = (
			);
			inputFileListPaths = (
				"${PODS_ROOT}/Target Support Files/Pods-Notes/Pods-Notes-frameworks-${CONFIGURATION}-input-files.xcfilelist",
			);
			name = "[CP] Embed Pods Frameworks";
			outputFileListPaths = (
				"${PODS_ROOT}/Target Support Files/Pods-Notes/Pods-Notes-frameworks-${CONFIGURATION}-output-files.xcfilelist",
			);
			runOnlyForDeploymentPostprocessing = 0;
			shellPath = /bin/sh;
			shellScript = "\"${PODS_ROOT}/Target Support Files/Pods-Notes/Pods-Notes-frameworks.sh\"\n";
			showEnvVarsInLog = 0;
		};
		51AF1081F109178B182427BF /* [CP] Check Pods Manifest.lock */ = {
			isa = PBXShellScriptBuildPhase;
			buildActionMask = 2147483647;
			files = (
			);
			inputFileListPaths = (
			);
			inputPaths = (
				"${PODS_PODFILE_DIR_PATH}/Podfile.lock",
				"${PODS_ROOT}/Manifest.lock",
			);
			name = "[CP] Check Pods Manifest.lock";
			outputFileListPaths = (
			);
			outputPaths = (
				"$(DERIVED_FILE_DIR)/Pods-Notes-checkManifestLockResult.txt",
			);
			runOnlyForDeploymentPostprocessing = 0;
			shellPath = /bin/sh;
			shellScript = "diff \"${PODS_PODFILE_DIR_PATH}/Podfile.lock\" \"${PODS_ROOT}/Manifest.lock\" > /dev/null\nif [ $? != 0 ] ; then\n    # print error to STDERR\n    echo \"error: The sandbox is not in sync with the Podfile.lock. Run 'pod install' or update your CocoaPods installation.\" >&2\n    exit 1\nfi\n# This output is used by Xcode 'outputs' to avoid re-running this script phase.\necho \"SUCCESS\" > \"${SCRIPT_OUTPUT_FILE_0}\"\n";
			showEnvVarsInLog = 0;
		};
/* End PBXShellScriptBuildPhase section */

/* Begin PBXSourcesBuildPhase section */
		096F7A6D284CD6E9004C9983 /* Sources */ = {
			isa = PBXSourcesBuildPhase;
			buildActionMask = 2147483647;
			files = (
				096F7A79284CD6E9004C9983 /* ViewController.swift in Sources */,
				096F7A8F284D0886004C9983 /* NoteDataModel.swift in Sources */,
				096F7A91284D5810004C9983 /* NoteEditViewController.swift in Sources */,
				096F7A75284CD6E9004C9983 /* AppDelegate.swift in Sources */,
				096F7A8C284CD9AC004C9983 /* NoteCell.swift in Sources */,
				090F42B628528DA20098C7FD /* BlurButton.swift in Sources */,
				0934CE2E284FDD1D003AC617 /* Database.swift in Sources */,
				0934CE2C284FD890003AC617 /* NoteDataObject.swift in Sources */,
				096F7A77284CD6E9004C9983 /* SceneDelegate.swift in Sources */,
				090F42B92853BF050098C7FD /* NoteColors.swift in Sources */,
			);
			runOnlyForDeploymentPostprocessing = 0;
		};
/* End PBXSourcesBuildPhase section */

/* Begin PBXVariantGroup section */
		096F7A7A284CD6E9004C9983 /* Main.storyboard */ = {
			isa = PBXVariantGroup;
			children = (
				096F7A7B284CD6E9004C9983 /* Base */,
			);
			name = Main.storyboard;
			sourceTree = "<group>";
		};
		096F7A7F284CD6EA004C9983 /* LaunchScreen.storyboard */ = {
			isa = PBXVariantGroup;
			children = (
				096F7A80284CD6EA004C9983 /* Base */,
			);
			name = LaunchScreen.storyboard;
			sourceTree = "<group>";
		};
/* End PBXVariantGroup section */

/* Begin XCBuildConfiguration section */
		096F7A83284CD6EA004C9983 /* Debug */ = {
			isa = XCBuildConfiguration;
			buildSettings = {
				ALWAYS_SEARCH_USER_PATHS = NO;
				CLANG_ANALYZER_NONNULL = YES;
				CLANG_ANALYZER_NUMBER_OBJECT_CONVERSION = YES_AGGRESSIVE;
				CLANG_CXX_LANGUAGE_STANDARD = "gnu++17";
				CLANG_ENABLE_MODULES = YES;
				CLANG_ENABLE_OBJC_ARC = YES;
				CLANG_ENABLE_OBJC_WEAK = YES;
				CLANG_WARN_BLOCK_CAPTURE_AUTORELEASING = YES;
				CLANG_WARN_BOOL_CONVERSION = YES;
				CLANG_WARN_COMMA = YES;
				CLANG_WARN_CONSTANT_CONVERSION = YES;
				CLANG_WARN_DEPRECATED_OBJC_IMPLEMENTATIONS = YES;
				CLANG_WARN_DIRECT_OBJC_ISA_USAGE = YES_ERROR;
				CLANG_WARN_DOCUMENTATION_COMMENTS = YES;
				CLANG_WARN_EMPTY_BODY = YES;
				CLANG_WARN_ENUM_CONVERSION = YES;
				CLANG_WARN_INFINITE_RECURSION = YES;
				CLANG_WARN_INT_CONVERSION = YES;
				CLANG_WARN_NON_LITERAL_NULL_CONVERSION = YES;
				CLANG_WARN_OBJC_IMPLICIT_RETAIN_SELF = YES;
				CLANG_WARN_OBJC_LITERAL_CONVERSION = YES;
				CLANG_WARN_OBJC_ROOT_CLASS = YES_ERROR;
				CLANG_WARN_QUOTED_INCLUDE_IN_FRAMEWORK_HEADER = YES;
				CLANG_WARN_RANGE_LOOP_ANALYSIS = YES;
				CLANG_WARN_STRICT_PROTOTYPES = YES;
				CLANG_WARN_SUSPICIOUS_MOVE = YES;
				CLANG_WARN_UNGUARDED_AVAILABILITY = YES_AGGRESSIVE;
				CLANG_WARN_UNREACHABLE_CODE = YES;
				CLANG_WARN__DUPLICATE_METHOD_MATCH = YES;
				COPY_PHASE_STRIP = NO;
				DEBUG_INFORMATION_FORMAT = dwarf;
				ENABLE_STRICT_OBJC_MSGSEND = YES;
				ENABLE_TESTABILITY = YES;
				GCC_C_LANGUAGE_STANDARD = gnu11;
				GCC_DYNAMIC_NO_PIC = NO;
				GCC_NO_COMMON_BLOCKS = YES;
				GCC_OPTIMIZATION_LEVEL = 0;
				GCC_PREPROCESSOR_DEFINITIONS = (
					"DEBUG=1",
					"$(inherited)",
				);
				GCC_WARN_64_TO_32_BIT_CONVERSION = YES;
				GCC_WARN_ABOUT_RETURN_TYPE = YES_ERROR;
				GCC_WARN_UNDECLARED_SELECTOR = YES;
				GCC_WARN_UNINITIALIZED_AUTOS = YES_AGGRESSIVE;
				GCC_WARN_UNUSED_FUNCTION = YES;
				GCC_WARN_UNUSED_VARIABLE = YES;
				IPHONEOS_DEPLOYMENT_TARGET = 15.4;
				MTL_ENABLE_DEBUG_INFO = INCLUDE_SOURCE;
				MTL_FAST_MATH = YES;
				ONLY_ACTIVE_ARCH = YES;
				SDKROOT = iphoneos;
				SWIFT_ACTIVE_COMPILATION_CONDITIONS = DEBUG;
				SWIFT_OPTIMIZATION_LEVEL = "-Onone";
			};
			name = Debug;
		};
		096F7A84284CD6EA004C9983 /* Release */ = {
			isa = XCBuildConfiguration;
			buildSettings = {
				ALWAYS_SEARCH_USER_PATHS = NO;
				CLANG_ANALYZER_NONNULL = YES;
				CLANG_ANALYZER_NUMBER_OBJECT_CONVERSION = YES_AGGRESSIVE;
				CLANG_CXX_LANGUAGE_STANDARD = "gnu++17";
				CLANG_ENABLE_MODULES = YES;
				CLANG_ENABLE_OBJC_ARC = YES;
				CLANG_ENABLE_OBJC_WEAK = YES;
				CLANG_WARN_BLOCK_CAPTURE_AUTORELEASING = YES;
				CLANG_WARN_BOOL_CONVERSION = YES;
				CLANG_WARN_COMMA = YES;
				CLANG_WARN_CONSTANT_CONVERSION = YES;
				CLANG_WARN_DEPRECATED_OBJC_IMPLEMENTATIONS = YES;
				CLANG_WARN_DIRECT_OBJC_ISA_USAGE = YES_ERROR;
				CLANG_WARN_DOCUMENTATION_COMMENTS = YES;
				CLANG_WARN_EMPTY_BODY = YES;
				CLANG_WARN_ENUM_CONVERSION = YES;
				CLANG_WARN_INFINITE_RECURSION = YES;
				CLANG_WARN_INT_CONVERSION = YES;
				CLANG_WARN_NON_LITERAL_NULL_CONVERSION = YES;
				CLANG_WARN_OBJC_IMPLICIT_RETAIN_SELF = YES;
				CLANG_WARN_OBJC_LITERAL_CONVERSION = YES;
				CLANG_WARN_OBJC_ROOT_CLASS = YES_ERROR;
				CLANG_WARN_QUOTED_INCLUDE_IN_FRAMEWORK_HEADER = YES;
				CLANG_WARN_RANGE_LOOP_ANALYSIS = YES;
				CLANG_WARN_STRICT_PROTOTYPES = YES;
				CLANG_WARN_SUSPICIOUS_MOVE = YES;
				CLANG_WARN_UNGUARDED_AVAILABILITY = YES_AGGRESSIVE;
				CLANG_WARN_UNREACHABLE_CODE = YES;
				CLANG_WARN__DUPLICATE_METHOD_MATCH = YES;
				COPY_PHASE_STRIP = NO;
				DEBUG_INFORMATION_FORMAT = "dwarf-with-dsym";
				ENABLE_NS_ASSERTIONS = NO;
				ENABLE_STRICT_OBJC_MSGSEND = YES;
				GCC_C_LANGUAGE_STANDARD = gnu11;
				GCC_NO_COMMON_BLOCKS = YES;
				GCC_WARN_64_TO_32_BIT_CONVERSION = YES;
				GCC_WARN_ABOUT_RETURN_TYPE = YES_ERROR;
				GCC_WARN_UNDECLARED_SELECTOR = YES;
				GCC_WARN_UNINITIALIZED_AUTOS = YES_AGGRESSIVE;
				GCC_WARN_UNUSED_FUNCTION = YES;
				GCC_WARN_UNUSED_VARIABLE = YES;
				IPHONEOS_DEPLOYMENT_TARGET = 15.4;
				MTL_ENABLE_DEBUG_INFO = NO;
				MTL_FAST_MATH = YES;
				SDKROOT = iphoneos;
				SWIFT_COMPILATION_MODE = wholemodule;
				SWIFT_OPTIMIZATION_LEVEL = "-O";
				VALIDATE_PRODUCT = YES;
			};
			name = Release;
		};
		096F7A86284CD6EA004C9983 /* Debug */ = {
			isa = XCBuildConfiguration;
			baseConfigurationReference = 3EF4187404B262E72A1E1166 /* Pods-Notes.debug.xcconfig */;
			buildSettings = {
				ASSETCATALOG_COMPILER_APPICON_NAME = AppIcon;
				ASSETCATALOG_COMPILER_GLOBAL_ACCENT_COLOR_NAME = AccentColor;
				CODE_SIGN_STYLE = Automatic;
				CURRENT_PROJECT_VERSION = 1;
				DEVELOPMENT_TEAM = 8TYVWGLLK2;
				GENERATE_INFOPLIST_FILE = YES;
				INFOPLIST_FILE = Notes/Info.plist;
				INFOPLIST_KEY_UIApplicationSupportsIndirectInputEvents = YES;
				INFOPLIST_KEY_UILaunchStoryboardName = LaunchScreen;
				INFOPLIST_KEY_UIMainStoryboardFile = Main;
				INFOPLIST_KEY_UISupportedInterfaceOrientations_iPad = "UIInterfaceOrientationPortrait UIInterfaceOrientationPortraitUpsideDown UIInterfaceOrientationLandscapeLeft UIInterfaceOrientationLandscapeRight";
				INFOPLIST_KEY_UISupportedInterfaceOrientations_iPhone = "UIInterfaceOrientationPortrait UIInterfaceOrientationLandscapeLeft UIInterfaceOrientationLandscapeRight";
				LD_RUNPATH_SEARCH_PATHS = (
					"$(inherited)",
					"@executable_path/Frameworks",
				);
				MARKETING_VERSION = 1.0;
				PRODUCT_BUNDLE_IDENTIFIER = examplee.Notes;
				PRODUCT_NAME = "$(TARGET_NAME)";
				SWIFT_EMIT_LOC_STRINGS = YES;
				SWIFT_VERSION = 5.0;
				TARGETED_DEVICE_FAMILY = "1,2";
			};
			name = Debug;
		};
		096F7A87284CD6EA004C9983 /* Release */ = {
			isa = XCBuildConfiguration;
			baseConfigurationReference = 227079B97D73C8CF7250A79B /* Pods-Notes.release.xcconfig */;
			buildSettings = {
				ASSETCATALOG_COMPILER_APPICON_NAME = AppIcon;
				ASSETCATALOG_COMPILER_GLOBAL_ACCENT_COLOR_NAME = AccentColor;
				CODE_SIGN_STYLE = Automatic;
				CURRENT_PROJECT_VERSION = 1;
				DEVELOPMENT_TEAM = 8TYVWGLLK2;
				GENERATE_INFOPLIST_FILE = YES;
				INFOPLIST_FILE = Notes/Info.plist;
				INFOPLIST_KEY_UIApplicationSupportsIndirectInputEvents = YES;
				INFOPLIST_KEY_UILaunchStoryboardName = LaunchScreen;
				INFOPLIST_KEY_UIMainStoryboardFile = Main;
				INFOPLIST_KEY_UISupportedInterfaceOrientations_iPad = "UIInterfaceOrientationPortrait UIInterfaceOrientationPortraitUpsideDown UIInterfaceOrientationLandscapeLeft UIInterfaceOrientationLandscapeRight";
				INFOPLIST_KEY_UISupportedInterfaceOrientations_iPhone = "UIInterfaceOrientationPortrait UIInterfaceOrientationLandscapeLeft UIInterfaceOrientationLandscapeRight";
				LD_RUNPATH_SEARCH_PATHS = (
					"$(inherited)",
					"@executable_path/Frameworks",
				);
				MARKETING_VERSION = 1.0;
				PRODUCT_BUNDLE_IDENTIFIER = examplee.Notes;
				PRODUCT_NAME = "$(TARGET_NAME)";
				SWIFT_EMIT_LOC_STRINGS = YES;
				SWIFT_VERSION = 5.0;
				TARGETED_DEVICE_FAMILY = "1,2";
			};
			name = Release;
		};
/* End XCBuildConfiguration section */

/* Begin XCConfigurationList section */
		096F7A6C284CD6E9004C9983 /* Build configuration list for PBXProject "Notes" */ = {
			isa = XCConfigurationList;
			buildConfigurations = (
				096F7A83284CD6EA004C9983 /* Debug */,
				096F7A84284CD6EA004C9983 /* Release */,
			);
			defaultConfigurationIsVisible = 0;
			defaultConfigurationName = Release;
		};
		096F7A85284CD6EA004C9983 /* Build configuration list for PBXNativeTarget "Notes" */ = {
			isa = XCConfigurationList;
			buildConfigurations = (
				096F7A86284CD6EA004C9983 /* Debug */,
				096F7A87284CD6EA004C9983 /* Release */,
			);
			defaultConfigurationIsVisible = 0;
			defaultConfigurationName = Release;
		};
/* End XCConfigurationList section */
	};
	rootObject = 096F7A69284CD6E9004C9983 /* Project object */;
}
